
Microsoft Visual Studio Solution File, Format Version 12.00
# Visual Studio Version 16
VisualStudioVersion = 16.0.30204.135
MinimumVisualStudioVersion = 10.0.40219.1
Project("{FAE04EC0-301F-11D3-BF4B-00C04F79EFBC}") = "DanskeBankHomework", "DanskeBankHomework\DanskeBankHomework.csproj", "{13F68574-58E6-43CA-AAED-2033528671F5}"
EndProject
Global
	GlobalSection(SolutionConfigurationPlatforms) = preSolution
		Debug|Any CPU = Debug|Any CPU
		Release|Any CPU = Release|Any CPU
	EndGlobalSection
	GlobalSection(ProjectConfigurationPlatforms) = postSolution
		{13F68574-58E6-43CA-AAED-2033528671F5}.Debug|Any CPU.ActiveCfg = Debug|Any CPU
		{13F68574-58E6-43CA-AAED-2033528671F5}.Debug|Any CPU.Build.0 = Debug|Any CPU
		{13F68574-58E6-43CA-AAED-2033528671F5}.Release|Any CPU.ActiveCfg = Release|Any CPU
		{13F68574-58E6-43CA-AAED-2033528671F5}.Release|Any CPU.Build.0 = Release|Any CPU
	EndGlobalSection
	GlobalSection(SolutionProperties) = preSolution
		HideSolutionNode = FALSE
	EndGlobalSection
	GlobalSection(ExtensibilityGlobals) = postSolution
		SolutionGuid = {D7A1E3E3-9D55-4828-BED5-29A8869FF703}
	EndGlobalSection
EndGlobal
